
Microsoft Visual Studio Solution File, Format Version 12.00
# Visual Studio Version 16
VisualStudioVersion = 16.0.29306.81
MinimumVisualStudioVersion = 10.0.40219.1
Project("{2150E333-8FDC-42A3-9474-1A3956D46DE8}") = "Source", "Source", "{EB699A35-1CC0-4651-8937-C12EC1A29E70}"
EndProject
Project("{2150E333-8FDC-42A3-9474-1A3956D46DE8}") = "Tests", "Tests", "{787E9BE0-EC73-4422-968A-D9DC29B66D31}"
EndProject
Project("{2150E333-8FDC-42A3-9474-1A3956D46DE8}") = "BehavioralPatterns", "BehavioralPatterns", "{F6E352AE-9235-46AF-85E9-44F54F9EFBE2}"
EndProject
Project("{2150E333-8FDC-42A3-9474-1A3956D46DE8}") = "CreationalPatterns", "CreationalPatterns", "{A59B244C-DE42-419E-9386-79A02B3B2958}"
EndProject
Project("{2150E333-8FDC-42A3-9474-1A3956D46DE8}") = "StructuralPatterns", "StructuralPatterns", "{7E058D38-468D-4E1E-9FF7-662980845D97}"
EndProject
Project("{2150E333-8FDC-42A3-9474-1A3956D46DE8}") = "StructuralPatterns", "StructuralPatterns", "{78C265BA-B380-4727-BB95-1E98CF6AE228}"
EndProject
Project("{2150E333-8FDC-42A3-9474-1A3956D46DE8}") = "CreationalPatterns", "CreationalPatterns", "{7B62E439-C3A8-403D-A262-5D9C982FA25E}"
EndProject
Project("{2150E333-8FDC-42A3-9474-1A3956D46DE8}") = "BehavioralPatterns", "BehavioralPatterns", "{60EC8FD4-EF9C-4CEA-8B33-C11AA129F224}"
EndProject
Project("{2150E333-8FDC-42A3-9474-1A3956D46DE8}") = "Solution Items", "Solution Items", "{7B8574F9-01D5-43F7-8ADE-0C186A7C848D}"
	ProjectSection(SolutionItems) = preProject
		README.md = README.md
	EndProjectSection
EndProject
Project("{2150E333-8FDC-42A3-9474-1A3956D46DE8}") = "AbstractFactory", "AbstractFactory", "{749C3AFD-7787-4F57-B4E6-B499E8DAE969}"
EndProject
Project("{2150E333-8FDC-42A3-9474-1A3956D46DE8}") = "AbstractFactory", "AbstractFactory", "{250F95D5-1164-4EFB-BFB4-EB9BA15DD8BC}"
EndProject
Project("{9A19103F-16F7-4668-BE54-9A1E7A4F7556}") = "AnimalKingdom.Tests", "Tests\CreationalPatterns\AbstractFactory\AnimalKingdom.Tests\AnimalKingdom.Tests.csproj", "{63706BC2-ADF9-4D11-8A9F-1BCCDFB6A584}"
EndProject
Project("{9A19103F-16F7-4668-BE54-9A1E7A4F7556}") = "AnimalKingdom", "Source\CreationalPatterns\AbstractFactory\AnimalKingdom\AnimalKingdom.csproj", "{FC75DE84-EF7C-440A-95BC-59A6CCC4417D}"
EndProject
Project("{2150E333-8FDC-42A3-9474-1A3956D46DE8}") = "Images", "Images", "{BD58EFF2-103C-4793-BBB6-3AF22F3BE8EF}"
	ProjectSection(SolutionItems) = preProject
		Images\NullPattern.png = Images\NullPattern.png
	EndProjectSection
EndProject
Project("{2150E333-8FDC-42A3-9474-1A3956D46DE8}") = "FactoryMethod", "FactoryMethod", "{051548D1-2433-4FBF-BB5F-F4E41E241082}"
EndProject
Project("{9A19103F-16F7-4668-BE54-9A1E7A4F7556}") = "TwoWheeler.FactoryMethod", "Source\CreationalPatterns\FactoryMethod\TwoWheelerFactory\TwoWheeler.FactoryMethod.csproj", "{9535C76E-267B-4B27-AC32-CB8E3E6F661E}"
EndProject
Project("{2150E333-8FDC-42A3-9474-1A3956D46DE8}") = "FactoryMethod", "FactoryMethod", "{6CB7427E-01B8-491D-B1D5-69E17299AA86}"
EndProject
Project("{9A19103F-16F7-4668-BE54-9A1E7A4F7556}") = "TwoWheeler.Tests", "Tests\CreationalPatterns\FactoryMethod\TwoWheeler.Tests\TwoWheeler.Tests.csproj", "{D97E8C98-BA25-401B-AE8E-38B08B04E596}"
EndProject
Project("{2150E333-8FDC-42A3-9474-1A3956D46DE8}") = "Algorithms", "Algorithms", "{346AEA68-9F7B-4318-9D70-494E069A312E}"
EndProject
Project("{2150E333-8FDC-42A3-9474-1A3956D46DE8}") = "Algorithms", "Algorithms", "{99880943-244F-4F77-B2B0-161708D7115F}"
EndProject
Project("{9A19103F-16F7-4668-BE54-9A1E7A4F7556}") = "LogicPrograms", "Source\Alogithms\LogicPrograms\LogicPrograms.csproj", "{836B9511-C620-4022-9074-D2BA4CFACB0B}"
EndProject
Project("{9A19103F-16F7-4668-BE54-9A1E7A4F7556}") = "LogicProgramsTests", "Tests\Algorithms\LogicProgramsTests\LogicProgramsTests.csproj", "{18ADFC40-D013-431F-9AFD-8869C8535976}"
EndProject
Project("{2150E333-8FDC-42A3-9474-1A3956D46DE8}") = "Features", "Features", "{7071A56C-9BAA-4A30-8627-38A1484BD1C2}"
EndProject
Project("{9A19103F-16F7-4668-BE54-9A1E7A4F7556}") = "V8.NewFeatures", "Source\Features\V8.NewFeatures\V8.NewFeatures.csproj", "{0AC905BC-07A4-4938-96E8-5F372071444D}"
EndProject
Project("{9A19103F-16F7-4668-BE54-9A1E7A4F7556}") = "V6.NewFeatures", "Source\Features\V6.NewFeatures\V6.NewFeatures.csproj", "{B7D561BE-EE15-4E33-AAA8-7BE1785FDA7B}"
EndProject
Project("{2150E333-8FDC-42A3-9474-1A3956D46DE8}") = "DataStructures", "DataStructures", "{99DE4835-4EFC-45BF-BD14-5654FAA6B26B}"
EndProject
Project("{9A19103F-16F7-4668-BE54-9A1E7A4F7556}") = "LinkedList.Demos", "Source\DataStructures\LinkedList.Demos\LinkedList.Demos.csproj", "{702D0AC3-EC2B-4B02-9D7F-1E9D9DB17B0A}"
EndProject
Project("{2150E333-8FDC-42A3-9474-1A3956D46DE8}") = "LinkedLists", "LinkedLists", "{59774B6E-CB92-4C3F-B3ED-548EF8975622}"
EndProject
Global
	GlobalSection(SolutionConfigurationPlatforms) = preSolution
		Debug|Any CPU = Debug|Any CPU
		Release|Any CPU = Release|Any CPU
	EndGlobalSection
	GlobalSection(ProjectConfigurationPlatforms) = postSolution
		{63706BC2-ADF9-4D11-8A9F-1BCCDFB6A584}.Debug|Any CPU.ActiveCfg = Debug|Any CPU
		{63706BC2-ADF9-4D11-8A9F-1BCCDFB6A584}.Debug|Any CPU.Build.0 = Debug|Any CPU
		{63706BC2-ADF9-4D11-8A9F-1BCCDFB6A584}.Release|Any CPU.ActiveCfg = Release|Any CPU
		{63706BC2-ADF9-4D11-8A9F-1BCCDFB6A584}.Release|Any CPU.Build.0 = Release|Any CPU
		{FC75DE84-EF7C-440A-95BC-59A6CCC4417D}.Debug|Any CPU.ActiveCfg = Debug|Any CPU
		{FC75DE84-EF7C-440A-95BC-59A6CCC4417D}.Debug|Any CPU.Build.0 = Debug|Any CPU
		{FC75DE84-EF7C-440A-95BC-59A6CCC4417D}.Release|Any CPU.ActiveCfg = Release|Any CPU
		{FC75DE84-EF7C-440A-95BC-59A6CCC4417D}.Release|Any CPU.Build.0 = Release|Any CPU
		{9535C76E-267B-4B27-AC32-CB8E3E6F661E}.Debug|Any CPU.ActiveCfg = Debug|Any CPU
		{9535C76E-267B-4B27-AC32-CB8E3E6F661E}.Debug|Any CPU.Build.0 = Debug|Any CPU
		{9535C76E-267B-4B27-AC32-CB8E3E6F661E}.Release|Any CPU.ActiveCfg = Release|Any CPU
		{9535C76E-267B-4B27-AC32-CB8E3E6F661E}.Release|Any CPU.Build.0 = Release|Any CPU
		{D97E8C98-BA25-401B-AE8E-38B08B04E596}.Debug|Any CPU.ActiveCfg = Debug|Any CPU
		{D97E8C98-BA25-401B-AE8E-38B08B04E596}.Debug|Any CPU.Build.0 = Debug|Any CPU
		{D97E8C98-BA25-401B-AE8E-38B08B04E596}.Release|Any CPU.ActiveCfg = Release|Any CPU
		{D97E8C98-BA25-401B-AE8E-38B08B04E596}.Release|Any CPU.Build.0 = Release|Any CPU
		{836B9511-C620-4022-9074-D2BA4CFACB0B}.Debug|Any CPU.ActiveCfg = Debug|Any CPU
		{836B9511-C620-4022-9074-D2BA4CFACB0B}.Debug|Any CPU.Build.0 = Debug|Any CPU
		{836B9511-C620-4022-9074-D2BA4CFACB0B}.Release|Any CPU.ActiveCfg = Release|Any CPU
		{836B9511-C620-4022-9074-D2BA4CFACB0B}.Release|Any CPU.Build.0 = Release|Any CPU
		{18ADFC40-D013-431F-9AFD-8869C8535976}.Debug|Any CPU.ActiveCfg = Debug|Any CPU
		{18ADFC40-D013-431F-9AFD-8869C8535976}.Debug|Any CPU.Build.0 = Debug|Any CPU
		{18ADFC40-D013-431F-9AFD-8869C8535976}.Release|Any CPU.ActiveCfg = Release|Any CPU
		{18ADFC40-D013-431F-9AFD-8869C8535976}.Release|Any CPU.Build.0 = Release|Any CPU
		{0AC905BC-07A4-4938-96E8-5F372071444D}.Debug|Any CPU.ActiveCfg = Debug|Any CPU
		{0AC905BC-07A4-4938-96E8-5F372071444D}.Debug|Any CPU.Build.0 = Debug|Any CPU
		{0AC905BC-07A4-4938-96E8-5F372071444D}.Release|Any CPU.ActiveCfg = Release|Any CPU
		{0AC905BC-07A4-4938-96E8-5F372071444D}.Release|Any CPU.Build.0 = Release|Any CPU
		{B7D561BE-EE15-4E33-AAA8-7BE1785FDA7B}.Debug|Any CPU.ActiveCfg = Debug|Any CPU
		{B7D561BE-EE15-4E33-AAA8-7BE1785FDA7B}.Debug|Any CPU.Build.0 = Debug|Any CPU
		{B7D561BE-EE15-4E33-AAA8-7BE1785FDA7B}.Release|Any CPU.ActiveCfg = Release|Any CPU
		{B7D561BE-EE15-4E33-AAA8-7BE1785FDA7B}.Release|Any CPU.Build.0 = Release|Any CPU
		{702D0AC3-EC2B-4B02-9D7F-1E9D9DB17B0A}.Debug|Any CPU.ActiveCfg = Debug|Any CPU
		{702D0AC3-EC2B-4B02-9D7F-1E9D9DB17B0A}.Debug|Any CPU.Build.0 = Debug|Any CPU
		{702D0AC3-EC2B-4B02-9D7F-1E9D9DB17B0A}.Release|Any CPU.ActiveCfg = Release|Any CPU
		{702D0AC3-EC2B-4B02-9D7F-1E9D9DB17B0A}.Release|Any CPU.Build.0 = Release|Any CPU
	EndGlobalSection
	GlobalSection(SolutionProperties) = preSolution
		HideSolutionNode = FALSE
	EndGlobalSection
	GlobalSection(NestedProjects) = preSolution
		{F6E352AE-9235-46AF-85E9-44F54F9EFBE2} = {EB699A35-1CC0-4651-8937-C12EC1A29E70}
		{A59B244C-DE42-419E-9386-79A02B3B2958} = {EB699A35-1CC0-4651-8937-C12EC1A29E70}
		{7E058D38-468D-4E1E-9FF7-662980845D97} = {EB699A35-1CC0-4651-8937-C12EC1A29E70}
		{78C265BA-B380-4727-BB95-1E98CF6AE228} = {787E9BE0-EC73-4422-968A-D9DC29B66D31}
		{7B62E439-C3A8-403D-A262-5D9C982FA25E} = {787E9BE0-EC73-4422-968A-D9DC29B66D31}
		{60EC8FD4-EF9C-4CEA-8B33-C11AA129F224} = {787E9BE0-EC73-4422-968A-D9DC29B66D31}
		{749C3AFD-7787-4F57-B4E6-B499E8DAE969} = {A59B244C-DE42-419E-9386-79A02B3B2958}
		{250F95D5-1164-4EFB-BFB4-EB9BA15DD8BC} = {7B62E439-C3A8-403D-A262-5D9C982FA25E}
		{63706BC2-ADF9-4D11-8A9F-1BCCDFB6A584} = {250F95D5-1164-4EFB-BFB4-EB9BA15DD8BC}
		{FC75DE84-EF7C-440A-95BC-59A6CCC4417D} = {749C3AFD-7787-4F57-B4E6-B499E8DAE969}
		{BD58EFF2-103C-4793-BBB6-3AF22F3BE8EF} = {7B8574F9-01D5-43F7-8ADE-0C186A7C848D}
		{051548D1-2433-4FBF-BB5F-F4E41E241082} = {A59B244C-DE42-419E-9386-79A02B3B2958}
		{9535C76E-267B-4B27-AC32-CB8E3E6F661E} = {051548D1-2433-4FBF-BB5F-F4E41E241082}
		{6CB7427E-01B8-491D-B1D5-69E17299AA86} = {7B62E439-C3A8-403D-A262-5D9C982FA25E}
		{D97E8C98-BA25-401B-AE8E-38B08B04E596} = {6CB7427E-01B8-491D-B1D5-69E17299AA86}
		{346AEA68-9F7B-4318-9D70-494E069A312E} = {EB699A35-1CC0-4651-8937-C12EC1A29E70}
		{99880943-244F-4F77-B2B0-161708D7115F} = {787E9BE0-EC73-4422-968A-D9DC29B66D31}
		{836B9511-C620-4022-9074-D2BA4CFACB0B} = {346AEA68-9F7B-4318-9D70-494E069A312E}
		{18ADFC40-D013-431F-9AFD-8869C8535976} = {99880943-244F-4F77-B2B0-161708D7115F}
		{7071A56C-9BAA-4A30-8627-38A1484BD1C2} = {EB699A35-1CC0-4651-8937-C12EC1A29E70}
		{0AC905BC-07A4-4938-96E8-5F372071444D} = {7071A56C-9BAA-4A30-8627-38A1484BD1C2}
		{B7D561BE-EE15-4E33-AAA8-7BE1785FDA7B} = {7071A56C-9BAA-4A30-8627-38A1484BD1C2}
		{99DE4835-4EFC-45BF-BD14-5654FAA6B26B} = {EB699A35-1CC0-4651-8937-C12EC1A29E70}
		{702D0AC3-EC2B-4B02-9D7F-1E9D9DB17B0A} = {99DE4835-4EFC-45BF-BD14-5654FAA6B26B}
		{59774B6E-CB92-4C3F-B3ED-548EF8975622} = {99DE4835-4EFC-45BF-BD14-5654FAA6B26B}
	EndGlobalSection
	GlobalSection(ExtensibilityGlobals) = postSolution
		SolutionGuid = {2BF57513-B0DF-470E-A2B2-0565A3D18C43}
	EndGlobalSection
EndGlobal
