
Microsoft Visual Studio Solution File, Format Version 12.00
# Visual Studio 15
VisualStudioVersion = 15.0.27703.2047
MinimumVisualStudioVersion = 10.0.40219.1
Project("{FAE04EC0-301F-11D3-BF4B-00C04F79EFBC}") = "TupulesDemo.Library", "TupulesDemo.Library\TupulesDemo.Library.csproj", "{EAC20CC2-10D8-45CE-B6E6-10DFDC0C21D0}"
EndProject
Project("{FAE04EC0-301F-11D3-BF4B-00C04F79EFBC}") = "CSharp7.DemoApp", "CSharp7.DemoApp\CSharp7.DemoApp.csproj", "{C1DD96FF-CB53-47A5-8E6C-ED454618E2F5}"
EndProject
Global
	GlobalSection(SolutionConfigurationPlatforms) = preSolution
		Debug|Any CPU = Debug|Any CPU
		Release|Any CPU = Release|Any CPU
	EndGlobalSection
	GlobalSection(ProjectConfigurationPlatforms) = postSolution
		{EAC20CC2-10D8-45CE-B6E6-10DFDC0C21D0}.Debug|Any CPU.ActiveCfg = Debug|Any CPU
		{EAC20CC2-10D8-45CE-B6E6-10DFDC0C21D0}.Debug|Any CPU.Build.0 = Debug|Any CPU
		{EAC20CC2-10D8-45CE-B6E6-10DFDC0C21D0}.Release|Any CPU.ActiveCfg = Release|Any CPU
		{EAC20CC2-10D8-45CE-B6E6-10DFDC0C21D0}.Release|Any CPU.Build.0 = Release|Any CPU
		{C1DD96FF-CB53-47A5-8E6C-ED454618E2F5}.Debug|Any CPU.ActiveCfg = Debug|Any CPU
		{C1DD96FF-CB53-47A5-8E6C-ED454618E2F5}.Debug|Any CPU.Build.0 = Debug|Any CPU
		{C1DD96FF-CB53-47A5-8E6C-ED454618E2F5}.Release|Any CPU.ActiveCfg = Release|Any CPU
		{C1DD96FF-CB53-47A5-8E6C-ED454618E2F5}.Release|Any CPU.Build.0 = Release|Any CPU
	EndGlobalSection
	GlobalSection(SolutionProperties) = preSolution
		HideSolutionNode = FALSE
	EndGlobalSection
	GlobalSection(ExtensibilityGlobals) = postSolution
		SolutionGuid = {2D9F10D9-A669-4ECE-9957-BBFF782EAB3B}
	EndGlobalSection
EndGlobal
