
Microsoft Visual Studio Solution File, Format Version 12.00
# Visual Studio 15
VisualStudioVersion = 15.0.27703.2047
MinimumVisualStudioVersion = 10.0.40219.1
Project("{2150E333-8FDC-42A3-9474-1A3956D46DE8}") = "Source", "Source", "{A688EBBE-B785-4387-B6D8-375A4355FC26}"
EndProject
Project("{2150E333-8FDC-42A3-9474-1A3956D46DE8}") = "Test", "Test", "{2FC39715-9D2F-4137-B761-79998A859A7C}"
EndProject
Project("{9A19103F-16F7-4668-BE54-9A1E7A4F7556}") = "CSharp7.DemoApp", "Source\CSharp7.DemoApp\CSharp7.DemoApp.csproj", "{236A24D0-0D88-4D8A-90C0-05374B024CDB}"
EndProject
Project("{9A19103F-16F7-4668-BE54-9A1E7A4F7556}") = "TupulesDemo.Library", "Source\TupulesDemo.Library\TupulesDemo.Library.csproj", "{F8FF03DF-2446-4F3D-9369-67FC5525DCF6}"
EndProject
Project("{9A19103F-16F7-4668-BE54-9A1E7A4F7556}") = "TupulesDemo.Library.Tests", "Tests\TupulesDemo.Library.Tests\TupulesDemo.Library.Tests.csproj", "{3EA1B510-27AA-4F0B-A40C-D10D989FFFB7}"
EndProject
Project("{9A19103F-16F7-4668-BE54-9A1E7A4F7556}") = "Functional.Programs.Tests", "Tests\Functional.Programs.Tests\Functional.Programs.Tests.csproj", "{D684784E-26CD-48A8-8535-A3D70D93912E}"
EndProject
Project("{9A19103F-16F7-4668-BE54-9A1E7A4F7556}") = "CSharp7.Demo.Common", "Source\CSharp7.Demo.Common\CSharp7.Demo.Common.csproj", "{A6BC7178-0155-45BF-923D-FCA00789AFF8}"
EndProject
Project("{9A19103F-16F7-4668-BE54-9A1E7A4F7556}") = "CSharp7.Demo.Data", "Source\CSharp7.Demo.Data\CSharp7.Demo.Data.csproj", "{60DC351E-5A56-4263-A1B4-E72D424B71CD}"
EndProject
Project("{9A19103F-16F7-4668-BE54-9A1E7A4F7556}") = "Functional.Programs.Library", "Source\Functional.Programs.Library\Functional.Programs.Library.csproj", "{7EAFEA58-C861-4751-BFEA-CF13164A890A}"
EndProject
Project("{9A19103F-16F7-4668-BE54-9A1E7A4F7556}") = "GenericsDemo.Library", "Source\GenericsDemo.Library\GenericsDemo.Library.csproj", "{783B0EED-DC67-4239-BBB0-08340E471191}"
EndProject
Project("{FAE04EC0-301F-11D3-BF4B-00C04F79EFBC}") = "LambdaDemo.Library", "LambdaDemo.Library\LambdaDemo.Library.csproj", "{BEAB2B86-FEB3-411B-B013-2CF458A007B9}"
EndProject
Global
	GlobalSection(SolutionConfigurationPlatforms) = preSolution
		Debug|Any CPU = Debug|Any CPU
		Release|Any CPU = Release|Any CPU
	EndGlobalSection
	GlobalSection(ProjectConfigurationPlatforms) = postSolution
		{236A24D0-0D88-4D8A-90C0-05374B024CDB}.Debug|Any CPU.ActiveCfg = Debug|Any CPU
		{236A24D0-0D88-4D8A-90C0-05374B024CDB}.Debug|Any CPU.Build.0 = Debug|Any CPU
		{236A24D0-0D88-4D8A-90C0-05374B024CDB}.Release|Any CPU.ActiveCfg = Release|Any CPU
		{236A24D0-0D88-4D8A-90C0-05374B024CDB}.Release|Any CPU.Build.0 = Release|Any CPU
		{F8FF03DF-2446-4F3D-9369-67FC5525DCF6}.Debug|Any CPU.ActiveCfg = Debug|Any CPU
		{F8FF03DF-2446-4F3D-9369-67FC5525DCF6}.Debug|Any CPU.Build.0 = Debug|Any CPU
		{F8FF03DF-2446-4F3D-9369-67FC5525DCF6}.Release|Any CPU.ActiveCfg = Release|Any CPU
		{F8FF03DF-2446-4F3D-9369-67FC5525DCF6}.Release|Any CPU.Build.0 = Release|Any CPU
		{3EA1B510-27AA-4F0B-A40C-D10D989FFFB7}.Debug|Any CPU.ActiveCfg = Debug|Any CPU
		{3EA1B510-27AA-4F0B-A40C-D10D989FFFB7}.Debug|Any CPU.Build.0 = Debug|Any CPU
		{3EA1B510-27AA-4F0B-A40C-D10D989FFFB7}.Release|Any CPU.ActiveCfg = Release|Any CPU
		{3EA1B510-27AA-4F0B-A40C-D10D989FFFB7}.Release|Any CPU.Build.0 = Release|Any CPU
		{D684784E-26CD-48A8-8535-A3D70D93912E}.Debug|Any CPU.ActiveCfg = Debug|Any CPU
		{D684784E-26CD-48A8-8535-A3D70D93912E}.Debug|Any CPU.Build.0 = Debug|Any CPU
		{D684784E-26CD-48A8-8535-A3D70D93912E}.Release|Any CPU.ActiveCfg = Release|Any CPU
		{D684784E-26CD-48A8-8535-A3D70D93912E}.Release|Any CPU.Build.0 = Release|Any CPU
		{A6BC7178-0155-45BF-923D-FCA00789AFF8}.Debug|Any CPU.ActiveCfg = Debug|Any CPU
		{A6BC7178-0155-45BF-923D-FCA00789AFF8}.Debug|Any CPU.Build.0 = Debug|Any CPU
		{A6BC7178-0155-45BF-923D-FCA00789AFF8}.Release|Any CPU.ActiveCfg = Release|Any CPU
		{A6BC7178-0155-45BF-923D-FCA00789AFF8}.Release|Any CPU.Build.0 = Release|Any CPU
		{60DC351E-5A56-4263-A1B4-E72D424B71CD}.Debug|Any CPU.ActiveCfg = Debug|Any CPU
		{60DC351E-5A56-4263-A1B4-E72D424B71CD}.Debug|Any CPU.Build.0 = Debug|Any CPU
		{60DC351E-5A56-4263-A1B4-E72D424B71CD}.Release|Any CPU.ActiveCfg = Release|Any CPU
		{60DC351E-5A56-4263-A1B4-E72D424B71CD}.Release|Any CPU.Build.0 = Release|Any CPU
		{7EAFEA58-C861-4751-BFEA-CF13164A890A}.Debug|Any CPU.ActiveCfg = Debug|Any CPU
		{7EAFEA58-C861-4751-BFEA-CF13164A890A}.Debug|Any CPU.Build.0 = Debug|Any CPU
		{7EAFEA58-C861-4751-BFEA-CF13164A890A}.Release|Any CPU.ActiveCfg = Release|Any CPU
		{7EAFEA58-C861-4751-BFEA-CF13164A890A}.Release|Any CPU.Build.0 = Release|Any CPU
		{783B0EED-DC67-4239-BBB0-08340E471191}.Debug|Any CPU.ActiveCfg = Debug|Any CPU
		{783B0EED-DC67-4239-BBB0-08340E471191}.Debug|Any CPU.Build.0 = Debug|Any CPU
		{783B0EED-DC67-4239-BBB0-08340E471191}.Release|Any CPU.ActiveCfg = Release|Any CPU
		{783B0EED-DC67-4239-BBB0-08340E471191}.Release|Any CPU.Build.0 = Release|Any CPU
		{BEAB2B86-FEB3-411B-B013-2CF458A007B9}.Debug|Any CPU.ActiveCfg = Debug|Any CPU
		{BEAB2B86-FEB3-411B-B013-2CF458A007B9}.Debug|Any CPU.Build.0 = Debug|Any CPU
		{BEAB2B86-FEB3-411B-B013-2CF458A007B9}.Release|Any CPU.ActiveCfg = Release|Any CPU
		{BEAB2B86-FEB3-411B-B013-2CF458A007B9}.Release|Any CPU.Build.0 = Release|Any CPU
	EndGlobalSection
	GlobalSection(SolutionProperties) = preSolution
		HideSolutionNode = FALSE
	EndGlobalSection
	GlobalSection(NestedProjects) = preSolution
		{236A24D0-0D88-4D8A-90C0-05374B024CDB} = {A688EBBE-B785-4387-B6D8-375A4355FC26}
		{F8FF03DF-2446-4F3D-9369-67FC5525DCF6} = {A688EBBE-B785-4387-B6D8-375A4355FC26}
		{3EA1B510-27AA-4F0B-A40C-D10D989FFFB7} = {2FC39715-9D2F-4137-B761-79998A859A7C}
		{D684784E-26CD-48A8-8535-A3D70D93912E} = {2FC39715-9D2F-4137-B761-79998A859A7C}
		{A6BC7178-0155-45BF-923D-FCA00789AFF8} = {A688EBBE-B785-4387-B6D8-375A4355FC26}
		{60DC351E-5A56-4263-A1B4-E72D424B71CD} = {A688EBBE-B785-4387-B6D8-375A4355FC26}
		{7EAFEA58-C861-4751-BFEA-CF13164A890A} = {A688EBBE-B785-4387-B6D8-375A4355FC26}
		{783B0EED-DC67-4239-BBB0-08340E471191} = {A688EBBE-B785-4387-B6D8-375A4355FC26}
		{BEAB2B86-FEB3-411B-B013-2CF458A007B9} = {A688EBBE-B785-4387-B6D8-375A4355FC26}
	EndGlobalSection
	GlobalSection(ExtensibilityGlobals) = postSolution
		SolutionGuid = {2D9F10D9-A669-4ECE-9957-BBFF782EAB3B}
	EndGlobalSection
EndGlobal
