
Microsoft Visual Studio Solution File, Format Version 12.00
# Visual Studio 15
VisualStudioVersion = 15.0.27130.2020
MinimumVisualStudioVersion = 10.0.40219.1
Project("{2150E333-8FDC-42A3-9474-1A3956D46DE8}") = "ReadMe", "ReadMe", "{CE294F25-2F7A-4AA0-A000-39139E442C36}"
	ProjectSection(SolutionItems) = preProject
		ReadMe.txt = ReadMe.txt
	EndProjectSection
EndProject
Project("{9A19103F-16F7-4668-BE54-9A1E7A4F7556}") = "FirstConsoleApp", "FirstConsoleApp\FirstConsoleApp.csproj", "{83367CF3-A51A-49F9-B330-129DAE0AAC78}"
EndProject
Project("{FAE04EC0-301F-11D3-BF4B-00C04F79EFBC}") = "AsyncReturnDemo", "AsyncReturnDemo\AsyncReturnDemo.csproj", "{024FE9D0-5C44-4888-8B97-B8BB8418E223}"
EndProject
Project("{9A19103F-16F7-4668-BE54-9A1E7A4F7556}") = "ClassesAndGenerics", "ClassesAndGenerics\ClassesAndGenerics.csproj", "{A688EFC9-1E6D-4E1B-82FF-1D1FC49DCE5E}"
EndProject
Project("{9A19103F-16F7-4668-BE54-9A1E7A4F7556}") = "Polymorphism.Lib", "Polymorphism.Lib\Polymorphism.Lib.csproj", "{CB3E59E8-448B-44FD-85F2-F5CB60618AEB}"
EndProject
Project("{2150E333-8FDC-42A3-9474-1A3956D46DE8}") = "Core", "Core", "{D65ED99B-F945-48E8-8512-D8560C34AADA}"
EndProject
Project("{9A19103F-16F7-4668-BE54-9A1E7A4F7556}") = "Common.Enums", "Common.Enums\Common.Enums.csproj", "{421898DF-1692-43C4-ABA7-89008296B7C7}"
EndProject
Project("{2150E333-8FDC-42A3-9474-1A3956D46DE8}") = "Chaper2Reusables", "Chaper2Reusables", "{67D69240-C058-4E57-A180-102497BFF111}"
EndProject
Project("{9A19103F-16F7-4668-BE54-9A1E7A4F7556}") = "AbstractDemo.Lib", "AbstractDemo.Lib\AbstractDemo.Lib.csproj", "{E1ED6755-2C4F-4A55-BB5B-7D1A9058A3FF}"
EndProject
Project("{9A19103F-16F7-4668-BE54-9A1E7A4F7556}") = "InheritanceDemo.Lib", "InheritanceDemo.Lib\InheritanceDemo.Lib.csproj", "{4DDC2BD0-1D74-4089-A983-687C73AB1B2B}"
EndProject
Project("{2150E333-8FDC-42A3-9474-1A3956D46DE8}") = "Chaper1Reusables", "Chaper1Reusables", "{CB85D878-083E-4B35-9865-9392D962823F}"
EndProject
Global
	GlobalSection(SolutionConfigurationPlatforms) = preSolution
		Debug|Any CPU = Debug|Any CPU
		Release|Any CPU = Release|Any CPU
	EndGlobalSection
	GlobalSection(ProjectConfigurationPlatforms) = postSolution
		{83367CF3-A51A-49F9-B330-129DAE0AAC78}.Debug|Any CPU.ActiveCfg = Debug|Any CPU
		{83367CF3-A51A-49F9-B330-129DAE0AAC78}.Debug|Any CPU.Build.0 = Debug|Any CPU
		{83367CF3-A51A-49F9-B330-129DAE0AAC78}.Release|Any CPU.ActiveCfg = Release|Any CPU
		{83367CF3-A51A-49F9-B330-129DAE0AAC78}.Release|Any CPU.Build.0 = Release|Any CPU
		{024FE9D0-5C44-4888-8B97-B8BB8418E223}.Debug|Any CPU.ActiveCfg = Debug|Any CPU
		{024FE9D0-5C44-4888-8B97-B8BB8418E223}.Debug|Any CPU.Build.0 = Debug|Any CPU
		{024FE9D0-5C44-4888-8B97-B8BB8418E223}.Release|Any CPU.ActiveCfg = Release|Any CPU
		{024FE9D0-5C44-4888-8B97-B8BB8418E223}.Release|Any CPU.Build.0 = Release|Any CPU
		{A688EFC9-1E6D-4E1B-82FF-1D1FC49DCE5E}.Debug|Any CPU.ActiveCfg = Debug|Any CPU
		{A688EFC9-1E6D-4E1B-82FF-1D1FC49DCE5E}.Debug|Any CPU.Build.0 = Debug|Any CPU
		{A688EFC9-1E6D-4E1B-82FF-1D1FC49DCE5E}.Release|Any CPU.ActiveCfg = Release|Any CPU
		{A688EFC9-1E6D-4E1B-82FF-1D1FC49DCE5E}.Release|Any CPU.Build.0 = Release|Any CPU
		{CB3E59E8-448B-44FD-85F2-F5CB60618AEB}.Debug|Any CPU.ActiveCfg = Debug|Any CPU
		{CB3E59E8-448B-44FD-85F2-F5CB60618AEB}.Debug|Any CPU.Build.0 = Debug|Any CPU
		{CB3E59E8-448B-44FD-85F2-F5CB60618AEB}.Release|Any CPU.ActiveCfg = Release|Any CPU
		{CB3E59E8-448B-44FD-85F2-F5CB60618AEB}.Release|Any CPU.Build.0 = Release|Any CPU
		{421898DF-1692-43C4-ABA7-89008296B7C7}.Debug|Any CPU.ActiveCfg = Debug|Any CPU
		{421898DF-1692-43C4-ABA7-89008296B7C7}.Debug|Any CPU.Build.0 = Debug|Any CPU
		{421898DF-1692-43C4-ABA7-89008296B7C7}.Release|Any CPU.ActiveCfg = Release|Any CPU
		{421898DF-1692-43C4-ABA7-89008296B7C7}.Release|Any CPU.Build.0 = Release|Any CPU
		{E1ED6755-2C4F-4A55-BB5B-7D1A9058A3FF}.Debug|Any CPU.ActiveCfg = Debug|Any CPU
		{E1ED6755-2C4F-4A55-BB5B-7D1A9058A3FF}.Debug|Any CPU.Build.0 = Debug|Any CPU
		{E1ED6755-2C4F-4A55-BB5B-7D1A9058A3FF}.Release|Any CPU.ActiveCfg = Release|Any CPU
		{E1ED6755-2C4F-4A55-BB5B-7D1A9058A3FF}.Release|Any CPU.Build.0 = Release|Any CPU
		{4DDC2BD0-1D74-4089-A983-687C73AB1B2B}.Debug|Any CPU.ActiveCfg = Debug|Any CPU
		{4DDC2BD0-1D74-4089-A983-687C73AB1B2B}.Debug|Any CPU.Build.0 = Debug|Any CPU
		{4DDC2BD0-1D74-4089-A983-687C73AB1B2B}.Release|Any CPU.ActiveCfg = Release|Any CPU
		{4DDC2BD0-1D74-4089-A983-687C73AB1B2B}.Release|Any CPU.Build.0 = Release|Any CPU
	EndGlobalSection
	GlobalSection(SolutionProperties) = preSolution
		HideSolutionNode = FALSE
	EndGlobalSection
	GlobalSection(NestedProjects) = preSolution
		{CB3E59E8-448B-44FD-85F2-F5CB60618AEB} = {67D69240-C058-4E57-A180-102497BFF111}
		{421898DF-1692-43C4-ABA7-89008296B7C7} = {D65ED99B-F945-48E8-8512-D8560C34AADA}
		{E1ED6755-2C4F-4A55-BB5B-7D1A9058A3FF} = {67D69240-C058-4E57-A180-102497BFF111}
		{4DDC2BD0-1D74-4089-A983-687C73AB1B2B} = {67D69240-C058-4E57-A180-102497BFF111}
	EndGlobalSection
	GlobalSection(ExtensibilityGlobals) = postSolution
		SolutionGuid = {33408B21-22AF-41B3-96D0-C900BB4E007D}
	EndGlobalSection
EndGlobal
