
Microsoft Visual Studio Solution File, Format Version 12.00
# Visual Studio 15
VisualStudioVersion = 15.0.27428.2037
MinimumVisualStudioVersion = 10.0.40219.1
Project("{2150E333-8FDC-42A3-9474-1A3956D46DE8}") = "Source", "Source", "{53A1B17A-CA3A-4F0B-AA70-49DC9CCE9D92}"
EndProject
Project("{2150E333-8FDC-42A3-9474-1A3956D46DE8}") = "InternalDocumentation", "InternalDocumentation", "{D20F21F3-9F18-4B4F-958E-B49817089477}"
	ProjectSection(SolutionItems) = preProject
		InternalDocumentation\ReadMe.txt = InternalDocumentation\ReadMe.txt
	EndProjectSection
EndProject
Project("{2150E333-8FDC-42A3-9474-1A3956D46DE8}") = "Tests", "Tests", "{6E7B4F5D-CE90-4DC0-85C9-F7DA1DBCA74F}"
EndProject
Project("{FAE04EC0-301F-11D3-BF4B-00C04F79EFBC}") = "Invoice.External", "Source\Invoice.External\Invoice.External.csproj", "{B56A0A32-80AD-40E3-A54E-B2CEC9DEDA49}"
EndProject
Project("{FAE04EC0-301F-11D3-BF4B-00C04F79EFBC}") = "Invoice.External.Tests", "Tests\Invoice.External.Tests\Invoice.External.Tests.csproj", "{9A67CF25-250F-4F52-8EC4-EE5E18F22B5A}"
EndProject
Project("{FAE04EC0-301F-11D3-BF4B-00C04F79EFBC}") = "Invoice.Services", "Source\Invoice.Services\Invoice.Services.csproj", "{6A438547-E6D7-4A05-BA8B-4BB110845B51}"
EndProject
Project("{FAE04EC0-301F-11D3-BF4B-00C04F79EFBC}") = "Invoice.DemoApp", "Source\Invoice.DemoApp\Invoice.DemoApp.csproj", "{E078FC43-489A-4C2B-A05C-D1BC92AB2E6C}"
EndProject
Project("{2150E333-8FDC-42A3-9474-1A3956D46DE8}") = "External", "External", "{33A8953C-B64C-424D-BE7A-A6A1778B226F}"
EndProject
Project("{FAE04EC0-301F-11D3-BF4B-00C04F79EFBC}") = "Invoice.Core", "Source\Invoice.Core\Invoice.Core.csproj", "{66068BA8-8BE8-46CD-871E-E71256F301F6}"
EndProject
Project("{FAE04EC0-301F-11D3-BF4B-00C04F79EFBC}") = "Invoice.Data", "Source\Invoice.Data\Invoice.Data.csproj", "{4137C828-D3F4-4F7B-AD3F-8B95FE833A4F}"
EndProject
Project("{FAE04EC0-301F-11D3-BF4B-00C04F79EFBC}") = "Invoice.Domain", "Source\Invoice.Domain\Invoice.Domain.csproj", "{BFF5189C-C4F4-4E08-BD57-438A1C2A9FAC}"
EndProject
Project("{FAE04EC0-301F-11D3-BF4B-00C04F79EFBC}") = "Invoice.SharedKernal", "Source\Invoice.SharedKernal\Invoice.SharedKernal.csproj", "{CAE6C697-6794-4741-BC23-AD811210D860}"
EndProject
Project("{FAE04EC0-301F-11D3-BF4B-00C04F79EFBC}") = "Invoice.Business", "Source\Invoice.Business\Invoice.Business.csproj", "{DDFCCF07-82E0-469D-91A7-E8DD1750F385}"
EndProject
Global
	GlobalSection(SolutionConfigurationPlatforms) = preSolution
		Debug|Any CPU = Debug|Any CPU
		Release|Any CPU = Release|Any CPU
	EndGlobalSection
	GlobalSection(ProjectConfigurationPlatforms) = postSolution
		{B56A0A32-80AD-40E3-A54E-B2CEC9DEDA49}.Debug|Any CPU.ActiveCfg = Debug|Any CPU
		{B56A0A32-80AD-40E3-A54E-B2CEC9DEDA49}.Debug|Any CPU.Build.0 = Debug|Any CPU
		{B56A0A32-80AD-40E3-A54E-B2CEC9DEDA49}.Release|Any CPU.ActiveCfg = Release|Any CPU
		{B56A0A32-80AD-40E3-A54E-B2CEC9DEDA49}.Release|Any CPU.Build.0 = Release|Any CPU
		{9A67CF25-250F-4F52-8EC4-EE5E18F22B5A}.Debug|Any CPU.ActiveCfg = Debug|Any CPU
		{9A67CF25-250F-4F52-8EC4-EE5E18F22B5A}.Debug|Any CPU.Build.0 = Debug|Any CPU
		{9A67CF25-250F-4F52-8EC4-EE5E18F22B5A}.Release|Any CPU.ActiveCfg = Release|Any CPU
		{9A67CF25-250F-4F52-8EC4-EE5E18F22B5A}.Release|Any CPU.Build.0 = Release|Any CPU
		{6A438547-E6D7-4A05-BA8B-4BB110845B51}.Debug|Any CPU.ActiveCfg = Debug|Any CPU
		{6A438547-E6D7-4A05-BA8B-4BB110845B51}.Debug|Any CPU.Build.0 = Debug|Any CPU
		{6A438547-E6D7-4A05-BA8B-4BB110845B51}.Release|Any CPU.ActiveCfg = Release|Any CPU
		{6A438547-E6D7-4A05-BA8B-4BB110845B51}.Release|Any CPU.Build.0 = Release|Any CPU
		{E078FC43-489A-4C2B-A05C-D1BC92AB2E6C}.Debug|Any CPU.ActiveCfg = Debug|Any CPU
		{E078FC43-489A-4C2B-A05C-D1BC92AB2E6C}.Debug|Any CPU.Build.0 = Debug|Any CPU
		{E078FC43-489A-4C2B-A05C-D1BC92AB2E6C}.Release|Any CPU.ActiveCfg = Release|Any CPU
		{E078FC43-489A-4C2B-A05C-D1BC92AB2E6C}.Release|Any CPU.Build.0 = Release|Any CPU
		{66068BA8-8BE8-46CD-871E-E71256F301F6}.Debug|Any CPU.ActiveCfg = Debug|Any CPU
		{66068BA8-8BE8-46CD-871E-E71256F301F6}.Debug|Any CPU.Build.0 = Debug|Any CPU
		{66068BA8-8BE8-46CD-871E-E71256F301F6}.Release|Any CPU.ActiveCfg = Release|Any CPU
		{66068BA8-8BE8-46CD-871E-E71256F301F6}.Release|Any CPU.Build.0 = Release|Any CPU
		{4137C828-D3F4-4F7B-AD3F-8B95FE833A4F}.Debug|Any CPU.ActiveCfg = Debug|Any CPU
		{4137C828-D3F4-4F7B-AD3F-8B95FE833A4F}.Debug|Any CPU.Build.0 = Debug|Any CPU
		{4137C828-D3F4-4F7B-AD3F-8B95FE833A4F}.Release|Any CPU.ActiveCfg = Release|Any CPU
		{4137C828-D3F4-4F7B-AD3F-8B95FE833A4F}.Release|Any CPU.Build.0 = Release|Any CPU
		{BFF5189C-C4F4-4E08-BD57-438A1C2A9FAC}.Debug|Any CPU.ActiveCfg = Debug|Any CPU
		{BFF5189C-C4F4-4E08-BD57-438A1C2A9FAC}.Debug|Any CPU.Build.0 = Debug|Any CPU
		{BFF5189C-C4F4-4E08-BD57-438A1C2A9FAC}.Release|Any CPU.ActiveCfg = Release|Any CPU
		{BFF5189C-C4F4-4E08-BD57-438A1C2A9FAC}.Release|Any CPU.Build.0 = Release|Any CPU
		{CAE6C697-6794-4741-BC23-AD811210D860}.Debug|Any CPU.ActiveCfg = Debug|Any CPU
		{CAE6C697-6794-4741-BC23-AD811210D860}.Debug|Any CPU.Build.0 = Debug|Any CPU
		{CAE6C697-6794-4741-BC23-AD811210D860}.Release|Any CPU.ActiveCfg = Release|Any CPU
		{CAE6C697-6794-4741-BC23-AD811210D860}.Release|Any CPU.Build.0 = Release|Any CPU
		{DDFCCF07-82E0-469D-91A7-E8DD1750F385}.Debug|Any CPU.ActiveCfg = Debug|Any CPU
		{DDFCCF07-82E0-469D-91A7-E8DD1750F385}.Debug|Any CPU.Build.0 = Debug|Any CPU
		{DDFCCF07-82E0-469D-91A7-E8DD1750F385}.Release|Any CPU.ActiveCfg = Release|Any CPU
		{DDFCCF07-82E0-469D-91A7-E8DD1750F385}.Release|Any CPU.Build.0 = Release|Any CPU
	EndGlobalSection
	GlobalSection(SolutionProperties) = preSolution
		HideSolutionNode = FALSE
	EndGlobalSection
	GlobalSection(NestedProjects) = preSolution
		{B56A0A32-80AD-40E3-A54E-B2CEC9DEDA49} = {33A8953C-B64C-424D-BE7A-A6A1778B226F}
		{9A67CF25-250F-4F52-8EC4-EE5E18F22B5A} = {6E7B4F5D-CE90-4DC0-85C9-F7DA1DBCA74F}
		{6A438547-E6D7-4A05-BA8B-4BB110845B51} = {53A1B17A-CA3A-4F0B-AA70-49DC9CCE9D92}
		{E078FC43-489A-4C2B-A05C-D1BC92AB2E6C} = {53A1B17A-CA3A-4F0B-AA70-49DC9CCE9D92}
		{33A8953C-B64C-424D-BE7A-A6A1778B226F} = {53A1B17A-CA3A-4F0B-AA70-49DC9CCE9D92}
		{66068BA8-8BE8-46CD-871E-E71256F301F6} = {53A1B17A-CA3A-4F0B-AA70-49DC9CCE9D92}
		{4137C828-D3F4-4F7B-AD3F-8B95FE833A4F} = {53A1B17A-CA3A-4F0B-AA70-49DC9CCE9D92}
		{BFF5189C-C4F4-4E08-BD57-438A1C2A9FAC} = {53A1B17A-CA3A-4F0B-AA70-49DC9CCE9D92}
		{CAE6C697-6794-4741-BC23-AD811210D860} = {53A1B17A-CA3A-4F0B-AA70-49DC9CCE9D92}
		{DDFCCF07-82E0-469D-91A7-E8DD1750F385} = {53A1B17A-CA3A-4F0B-AA70-49DC9CCE9D92}
	EndGlobalSection
	GlobalSection(ExtensibilityGlobals) = postSolution
		SolutionGuid = {5D39F310-CAAF-4CF0-8AD2-EA98C49284C3}
	EndGlobalSection
EndGlobal
