
Microsoft Visual Studio Solution File, Format Version 12.00
# Visual Studio 14
VisualStudioVersion = 14.0.25420.1
MinimumVisualStudioVersion = 10.0.40219.1
Project("{2150E333-8FDC-42A3-9474-1A3956D46DE8}") = "Algorithms", "Algorithms", "{708C4AAD-6E55-451E-BD1D-961906EE226E}"
EndProject
Project("{2150E333-8FDC-42A3-9474-1A3956D46DE8}") = "BasicProgramming", "BasicProgramming", "{18C0895E-1892-4056-B945-090A5B7DF0B1}"
EndProject
Project("{2150E333-8FDC-42A3-9474-1A3956D46DE8}") = "DataStructures", "DataStructures", "{ED0CD0E5-D72E-485C-BAD0-2A39D65E43FA}"
EndProject
Project("{2150E333-8FDC-42A3-9474-1A3956D46DE8}") = "DesignPatterns", "DesignPatterns", "{D1D8C0C9-9C8A-4FA4-AEB2-A9EE9FC75F9A}"
EndProject
Project("{2150E333-8FDC-42A3-9474-1A3956D46DE8}") = "Logical", "Logical", "{57EB169E-1F2D-445B-82A8-01F3A44BDD80}"
EndProject
Project("{8BB2217D-0F2D-49D1-97BC-3654ED321F3B}") = "DataStructureConsoleApp", "DataStructures\ConsoleApplication\DataStructureConsoleApp.xproj", "{0A3238ED-C933-45AF-916F-CBF3BFB87B44}"
EndProject
Project("{8BB2217D-0F2D-49D1-97BC-3654ED321F3B}") = "SingleDArray", "DataStructures\SingleDArray\SingleDArray.xproj", "{0A944C0C-32A8-406B-B8AD-29077DE93654}"
EndProject
Project("{8BB2217D-0F2D-49D1-97BC-3654ED321F3B}") = "TwoDArray", "DataStructures\TwoDArray\TwoDArray.xproj", "{C39CB2AD-1A19-4869-91CC-2A618EA48C2B}"
EndProject
Project("{2150E333-8FDC-42A3-9474-1A3956D46DE8}") = "Sorting", "Sorting", "{A66E83F1-1997-43CA-B47A-E5D24BF150FB}"
EndProject
Project("{8BB2217D-0F2D-49D1-97BC-3654ED321F3B}") = "Sortings", "Sorting\Sortings\Sortings.xproj", "{A5159053-E870-445C-B8F5-DC5E7B90D929}"
EndProject
Project("{8BB2217D-0F2D-49D1-97BC-3654ED321F3B}") = "SortingConsoleApp", "Sorting\SortingConsoleApp\SortingConsoleApp.xproj", "{9EEAFB83-FEF0-4628-9BBA-3890AA8DEAC3}"
EndProject
Project("{8BB2217D-0F2D-49D1-97BC-3654ED321F3B}") = "LogicalConsoleApp", "Logical\LogicalConsoleApp\LogicalConsoleApp.xproj", "{CEF8444A-8E7D-44B8-82D0-3EE7059F467A}"
EndProject
Project("{8BB2217D-0F2D-49D1-97BC-3654ED321F3B}") = "Logicals", "Logical\Logicals\Logicals.xproj", "{DB3F9A18-54E8-4A2B-9FE2-EB0461F6807D}"
EndProject
Project("{2150E333-8FDC-42A3-9474-1A3956D46DE8}") = "Core", "Core", "{71FF54A5-C68D-40F2-BE8F-7009B44524A9}"
EndProject
Project("{8BB2217D-0F2D-49D1-97BC-3654ED321F3B}") = "CoreResuables", "CoreResuables\CoreResuables.xproj", "{D3964ED0-00D7-4795-B655-AE24146A4F9F}"
EndProject
Global
	GlobalSection(SolutionConfigurationPlatforms) = preSolution
		Debug|Any CPU = Debug|Any CPU
		Release|Any CPU = Release|Any CPU
	EndGlobalSection
	GlobalSection(ProjectConfigurationPlatforms) = postSolution
		{0A3238ED-C933-45AF-916F-CBF3BFB87B44}.Debug|Any CPU.ActiveCfg = Debug|Any CPU
		{0A3238ED-C933-45AF-916F-CBF3BFB87B44}.Debug|Any CPU.Build.0 = Debug|Any CPU
		{0A3238ED-C933-45AF-916F-CBF3BFB87B44}.Release|Any CPU.ActiveCfg = Release|Any CPU
		{0A3238ED-C933-45AF-916F-CBF3BFB87B44}.Release|Any CPU.Build.0 = Release|Any CPU
		{0A944C0C-32A8-406B-B8AD-29077DE93654}.Debug|Any CPU.ActiveCfg = Debug|Any CPU
		{0A944C0C-32A8-406B-B8AD-29077DE93654}.Debug|Any CPU.Build.0 = Debug|Any CPU
		{0A944C0C-32A8-406B-B8AD-29077DE93654}.Release|Any CPU.ActiveCfg = Release|Any CPU
		{0A944C0C-32A8-406B-B8AD-29077DE93654}.Release|Any CPU.Build.0 = Release|Any CPU
		{C39CB2AD-1A19-4869-91CC-2A618EA48C2B}.Debug|Any CPU.ActiveCfg = Debug|Any CPU
		{C39CB2AD-1A19-4869-91CC-2A618EA48C2B}.Debug|Any CPU.Build.0 = Debug|Any CPU
		{C39CB2AD-1A19-4869-91CC-2A618EA48C2B}.Release|Any CPU.ActiveCfg = Release|Any CPU
		{C39CB2AD-1A19-4869-91CC-2A618EA48C2B}.Release|Any CPU.Build.0 = Release|Any CPU
		{A5159053-E870-445C-B8F5-DC5E7B90D929}.Debug|Any CPU.ActiveCfg = Debug|Any CPU
		{A5159053-E870-445C-B8F5-DC5E7B90D929}.Debug|Any CPU.Build.0 = Debug|Any CPU
		{A5159053-E870-445C-B8F5-DC5E7B90D929}.Release|Any CPU.ActiveCfg = Release|Any CPU
		{A5159053-E870-445C-B8F5-DC5E7B90D929}.Release|Any CPU.Build.0 = Release|Any CPU
		{9EEAFB83-FEF0-4628-9BBA-3890AA8DEAC3}.Debug|Any CPU.ActiveCfg = Debug|Any CPU
		{9EEAFB83-FEF0-4628-9BBA-3890AA8DEAC3}.Debug|Any CPU.Build.0 = Debug|Any CPU
		{9EEAFB83-FEF0-4628-9BBA-3890AA8DEAC3}.Release|Any CPU.ActiveCfg = Release|Any CPU
		{9EEAFB83-FEF0-4628-9BBA-3890AA8DEAC3}.Release|Any CPU.Build.0 = Release|Any CPU
		{CEF8444A-8E7D-44B8-82D0-3EE7059F467A}.Debug|Any CPU.ActiveCfg = Debug|Any CPU
		{CEF8444A-8E7D-44B8-82D0-3EE7059F467A}.Debug|Any CPU.Build.0 = Debug|Any CPU
		{CEF8444A-8E7D-44B8-82D0-3EE7059F467A}.Release|Any CPU.ActiveCfg = Release|Any CPU
		{CEF8444A-8E7D-44B8-82D0-3EE7059F467A}.Release|Any CPU.Build.0 = Release|Any CPU
		{DB3F9A18-54E8-4A2B-9FE2-EB0461F6807D}.Debug|Any CPU.ActiveCfg = Debug|Any CPU
		{DB3F9A18-54E8-4A2B-9FE2-EB0461F6807D}.Debug|Any CPU.Build.0 = Debug|Any CPU
		{DB3F9A18-54E8-4A2B-9FE2-EB0461F6807D}.Release|Any CPU.ActiveCfg = Release|Any CPU
		{DB3F9A18-54E8-4A2B-9FE2-EB0461F6807D}.Release|Any CPU.Build.0 = Release|Any CPU
		{D3964ED0-00D7-4795-B655-AE24146A4F9F}.Debug|Any CPU.ActiveCfg = Debug|Any CPU
		{D3964ED0-00D7-4795-B655-AE24146A4F9F}.Debug|Any CPU.Build.0 = Debug|Any CPU
		{D3964ED0-00D7-4795-B655-AE24146A4F9F}.Release|Any CPU.ActiveCfg = Release|Any CPU
		{D3964ED0-00D7-4795-B655-AE24146A4F9F}.Release|Any CPU.Build.0 = Release|Any CPU
	EndGlobalSection
	GlobalSection(SolutionProperties) = preSolution
		HideSolutionNode = FALSE
	EndGlobalSection
	GlobalSection(NestedProjects) = preSolution
		{0A3238ED-C933-45AF-916F-CBF3BFB87B44} = {ED0CD0E5-D72E-485C-BAD0-2A39D65E43FA}
		{0A944C0C-32A8-406B-B8AD-29077DE93654} = {ED0CD0E5-D72E-485C-BAD0-2A39D65E43FA}
		{C39CB2AD-1A19-4869-91CC-2A618EA48C2B} = {ED0CD0E5-D72E-485C-BAD0-2A39D65E43FA}
		{A5159053-E870-445C-B8F5-DC5E7B90D929} = {A66E83F1-1997-43CA-B47A-E5D24BF150FB}
		{9EEAFB83-FEF0-4628-9BBA-3890AA8DEAC3} = {A66E83F1-1997-43CA-B47A-E5D24BF150FB}
		{CEF8444A-8E7D-44B8-82D0-3EE7059F467A} = {57EB169E-1F2D-445B-82A8-01F3A44BDD80}
		{DB3F9A18-54E8-4A2B-9FE2-EB0461F6807D} = {57EB169E-1F2D-445B-82A8-01F3A44BDD80}
		{D3964ED0-00D7-4795-B655-AE24146A4F9F} = {71FF54A5-C68D-40F2-BE8F-7009B44524A9}
	EndGlobalSection
EndGlobal
