
Microsoft Visual Studio Solution File, Format Version 12.00
# Visual Studio 15
VisualStudioVersion = 15.0.27428.2037
MinimumVisualStudioVersion = 10.0.40219.1
Project("{2150E333-8FDC-42A3-9474-1A3956D46DE8}") = "Source", "Source", "{53A1B17A-CA3A-4F0B-AA70-49DC9CCE9D92}"
EndProject
Project("{2150E333-8FDC-42A3-9474-1A3956D46DE8}") = "InternalDocumentation", "InternalDocumentation", "{D20F21F3-9F18-4B4F-958E-B49817089477}"
EndProject
Project("{2150E333-8FDC-42A3-9474-1A3956D46DE8}") = "Tests", "Tests", "{6E7B4F5D-CE90-4DC0-85C9-F7DA1DBCA74F}"
EndProject
Global
	GlobalSection(SolutionProperties) = preSolution
		HideSolutionNode = FALSE
	EndGlobalSection
	GlobalSection(ExtensibilityGlobals) = postSolution
		SolutionGuid = {5D39F310-CAAF-4CF0-8AD2-EA98C49284C3}
	EndGlobalSection
EndGlobal
